
Microsoft Visual Studio Solution File, Format Version 12.00
# Visual Studio Version 16
VisualStudioVersion = 16.0.31624.102
MinimumVisualStudioVersion = 10.0.40219.1
Project("{8BC9CEB8-8B4A-11D0-8D11-00A0C91BC942}") = "SAOD_Labs_", "SAOD_Labs_\SAOD_Labs_.vcxproj", "{C3063AAE-1EFB-49F8-BDAC-B6353BED684D}"
EndProject
Project("{8BC9CEB8-8B4A-11D0-8D11-00A0C91BC942}") = "SAOD_L1_1", "SAOD_l_1\SAOD_l_1.vcxproj", "{1BE7D211-9424-4D5C-866F-3ABB2ED98624}"
EndProject
Project("{8BC9CEB8-8B4A-11D0-8D11-00A0C91BC942}") = "SAOD_L1_2", "SAOD_I_2\SAOD_I_2.vcxproj", "{8EBA0440-3F99-4FDA-A398-D913EDC7C7AE}"
EndProject
Project("{8BC9CEB8-8B4A-11D0-8D11-00A0C91BC942}") = "Queue_static", "Queue_static\Queue_static.vcxproj", "{A88A4FB4-1471-487D-86F2-DD811752F5FA}"
EndProject
Project("{8BC9CEB8-8B4A-11D0-8D11-00A0C91BC942}") = "SAOD_L2_2(3)", "SAOD_L2_1(2)\SAOD_L2_1(2).vcxproj", "{C36489F5-6412-490C-B9F2-C41ECD4B8BC9}"
EndProject
Project("{8BC9CEB8-8B4A-11D0-8D11-00A0C91BC942}") = "SAOD_L2_1", "SAOD_L2_1\SAOD_L2_1.vcxproj", "{8CD8BF66-083B-44A0-B0A1-A047AC0B8632}"
EndProject
Project("{8BC9CEB8-8B4A-11D0-8D11-00A0C91BC942}") = "SAOD_L2_3", "SAOD_L2_3\SAOD_L2_3.vcxproj", "{913D4C5E-63A0-458F-BE0A-48B6BB7F7357}"
EndProject
Project("{2150E333-8FDC-42A3-9474-1A3956D46DE8}") = "L1", "L1", "{79E1A047-9671-4E9E-8799-25CA256C5315}"
EndProject
Project("{2150E333-8FDC-42A3-9474-1A3956D46DE8}") = "L2", "L2", "{A6A7C5AA-396B-42A9-B3FD-CFB6EF9982D4}"
EndProject
Project("{2150E333-8FDC-42A3-9474-1A3956D46DE8}") = "L3", "L3", "{83777E7D-11F9-449B-BD40-FC19B9151DBF}"
EndProject
Project("{8BC9CEB8-8B4A-11D0-8D11-00A0C91BC942}") = "SAOD_L3_1of2", "SAOD_L3_1of2\SAOD_L3_1of2.vcxproj", "{D778C9D6-1E0F-4C47-AAC6-2BDDF856AD85}"
EndProject
Project("{8BC9CEB8-8B4A-11D0-8D11-00A0C91BC942}") = "SAOD_L3_2of2", "SAOD_L3_2of2\SAOD_L3_2of2.vcxproj", "{A22FCA11-67E8-4E2D-9447-E391528CC5D7}"
EndProject
Project("{2150E333-8FDC-42A3-9474-1A3956D46DE8}") = "L4", "L4", "{52AFE042-0D32-4BD7-A936-7D04687EBF87}"
EndProject
Project("{8BC9CEB8-8B4A-11D0-8D11-00A0C91BC942}") = "SAOD_L4_1of3", "SAOD_L4_1of3\SAOD_L4_1of3.vcxproj", "{3DB9C1A7-630E-440D-8463-BD5F1FFCCE1D}"
EndProject
Project("{8BC9CEB8-8B4A-11D0-8D11-00A0C91BC942}") = "SAOD_L4_2of3", "SAOD_L5_2of3\SAOD_L5_2of3.vcxproj", "{2F0F250C-1329-42CF-A140-C7B2BF3488F0}"
EndProject
Project("{8BC9CEB8-8B4A-11D0-8D11-00A0C91BC942}") = "SAOD_L4_3of3", "SAOD_L4_3of3\SAOD_L4_3of3.vcxproj", "{15DBCD5A-83E6-4E3F-A20E-6CF723D80665}"
EndProject
Project("{2150E333-8FDC-42A3-9474-1A3956D46DE8}") = "L5", "L5", "{365EA690-F4FF-471B-90A9-60DD4FF0A851}"
EndProject
Project("{8BC9CEB8-8B4A-11D0-8D11-00A0C91BC942}") = "SAOD_L5", "SAOD_L5\SAOD_L5.vcxproj", "{9CFF244C-15F5-4F33-B4B7-712EE3C0B2CD}"
EndProject
Project("{2150E333-8FDC-42A3-9474-1A3956D46DE8}") = "L6(optional)", "L6(optional)", "{99771073-CEF9-4C2A-8BDF-F53F7037C75F}"
EndProject
Project("{8BC9CEB8-8B4A-11D0-8D11-00A0C91BC942}") = "SAOD_L6_1of2(opt)", "SAOD_L6_1of2(opt)\SAOD_L6_1of2(opt).vcxproj", "{C08C0DBC-8485-4AD8-87FF-956F0D81D19C}"
EndProject
Project("{8BC9CEB8-8B4A-11D0-8D11-00A0C91BC942}") = "SAOD_L6_2of2(opt)", "SAOD_L6_2of2(opt)\SAOD_L6_2of2(opt).vcxproj", "{6334E177-2013-4F00-9320-E392CC18C23F}"
EndProject
Project("{2150E333-8FDC-42A3-9474-1A3956D46DE8}") = "L7(II)", "L7(II)", "{BF932A88-7A58-44F5-9A6C-728487160A3B}"
EndProject
Project("{8BC9CEB8-8B4A-11D0-8D11-00A0C91BC942}") = "SAOD_L7", "SAOD_L7\SAOD_L7.vcxproj", "{9D109C6A-C66B-420F-984F-9532060AD641}"
EndProject
Project("{2150E333-8FDC-42A3-9474-1A3956D46DE8}") = "L8(II)", "L8(II)", "{15455758-C1A8-4615-A2D1-2098C6250994}"
EndProject
Project("{8BC9CEB8-8B4A-11D0-8D11-00A0C91BC942}") = "SAOD_L8", "SAOD_L8\SAOD_L8.vcxproj", "{3B2293C3-4510-4BBE-969C-70C2EA622DF2}"
EndProject
Project("{8BC9CEB8-8B4A-11D0-8D11-00A0C91BC942}") = "L9(II)", "L9(II)\L9(II).vcxproj", "{0FB2B2D3-ABC4-4D53-B8EE-D5705AAF4B7D}"
EndProject
Project("{8BC9CEB8-8B4A-11D0-8D11-00A0C91BC942}") = "L10_1_of_3", "L10(II)\L10(II).vcxproj", "{B7341459-0480-4531-A07F-24F17BC88B85}"
EndProject
Project("{2150E333-8FDC-42A3-9474-1A3956D46DE8}") = "L10(II)", "L10(II)", "{BC2836AC-B70F-4D8C-93FE-91344F7816BC}"
EndProject
Global
	GlobalSection(SolutionConfigurationPlatforms) = preSolution
		Debug|x64 = Debug|x64
		Debug|x86 = Debug|x86
		Release|x64 = Release|x64
		Release|x86 = Release|x86
	EndGlobalSection
	GlobalSection(ProjectConfigurationPlatforms) = postSolution
		{C3063AAE-1EFB-49F8-BDAC-B6353BED684D}.Debug|x64.ActiveCfg = Debug|x64
		{C3063AAE-1EFB-49F8-BDAC-B6353BED684D}.Debug|x64.Build.0 = Debug|x64
		{C3063AAE-1EFB-49F8-BDAC-B6353BED684D}.Debug|x86.ActiveCfg = Debug|Win32
		{C3063AAE-1EFB-49F8-BDAC-B6353BED684D}.Debug|x86.Build.0 = Debug|Win32
		{C3063AAE-1EFB-49F8-BDAC-B6353BED684D}.Release|x64.ActiveCfg = Release|x64
		{C3063AAE-1EFB-49F8-BDAC-B6353BED684D}.Release|x64.Build.0 = Release|x64
		{C3063AAE-1EFB-49F8-BDAC-B6353BED684D}.Release|x86.ActiveCfg = Release|Win32
		{C3063AAE-1EFB-49F8-BDAC-B6353BED684D}.Release|x86.Build.0 = Release|Win32
		{1BE7D211-9424-4D5C-866F-3ABB2ED98624}.Debug|x64.ActiveCfg = Debug|x64
		{1BE7D211-9424-4D5C-866F-3ABB2ED98624}.Debug|x64.Build.0 = Debug|x64
		{1BE7D211-9424-4D5C-866F-3ABB2ED98624}.Debug|x86.ActiveCfg = Debug|Win32
		{1BE7D211-9424-4D5C-866F-3ABB2ED98624}.Debug|x86.Build.0 = Debug|Win32
		{1BE7D211-9424-4D5C-866F-3ABB2ED98624}.Release|x64.ActiveCfg = Release|x64
		{1BE7D211-9424-4D5C-866F-3ABB2ED98624}.Release|x64.Build.0 = Release|x64
		{1BE7D211-9424-4D5C-866F-3ABB2ED98624}.Release|x86.ActiveCfg = Release|Win32
		{1BE7D211-9424-4D5C-866F-3ABB2ED98624}.Release|x86.Build.0 = Release|Win32
		{8EBA0440-3F99-4FDA-A398-D913EDC7C7AE}.Debug|x64.ActiveCfg = Debug|x64
		{8EBA0440-3F99-4FDA-A398-D913EDC7C7AE}.Debug|x64.Build.0 = Debug|x64
		{8EBA0440-3F99-4FDA-A398-D913EDC7C7AE}.Debug|x86.ActiveCfg = Debug|Win32
		{8EBA0440-3F99-4FDA-A398-D913EDC7C7AE}.Debug|x86.Build.0 = Debug|Win32
		{8EBA0440-3F99-4FDA-A398-D913EDC7C7AE}.Release|x64.ActiveCfg = Release|x64
		{8EBA0440-3F99-4FDA-A398-D913EDC7C7AE}.Release|x64.Build.0 = Release|x64
		{8EBA0440-3F99-4FDA-A398-D913EDC7C7AE}.Release|x86.ActiveCfg = Release|Win32
		{8EBA0440-3F99-4FDA-A398-D913EDC7C7AE}.Release|x86.Build.0 = Release|Win32
		{A88A4FB4-1471-487D-86F2-DD811752F5FA}.Debug|x64.ActiveCfg = Debug|x64
		{A88A4FB4-1471-487D-86F2-DD811752F5FA}.Debug|x64.Build.0 = Debug|x64
		{A88A4FB4-1471-487D-86F2-DD811752F5FA}.Debug|x86.ActiveCfg = Debug|Win32
		{A88A4FB4-1471-487D-86F2-DD811752F5FA}.Debug|x86.Build.0 = Debug|Win32
		{A88A4FB4-1471-487D-86F2-DD811752F5FA}.Release|x64.ActiveCfg = Release|x64
		{A88A4FB4-1471-487D-86F2-DD811752F5FA}.Release|x64.Build.0 = Release|x64
		{A88A4FB4-1471-487D-86F2-DD811752F5FA}.Release|x86.ActiveCfg = Release|Win32
		{A88A4FB4-1471-487D-86F2-DD811752F5FA}.Release|x86.Build.0 = Release|Win32
		{C36489F5-6412-490C-B9F2-C41ECD4B8BC9}.Debug|x64.ActiveCfg = Debug|x64
		{C36489F5-6412-490C-B9F2-C41ECD4B8BC9}.Debug|x64.Build.0 = Debug|x64
		{C36489F5-6412-490C-B9F2-C41ECD4B8BC9}.Debug|x86.ActiveCfg = Debug|Win32
		{C36489F5-6412-490C-B9F2-C41ECD4B8BC9}.Debug|x86.Build.0 = Debug|Win32
		{C36489F5-6412-490C-B9F2-C41ECD4B8BC9}.Release|x64.ActiveCfg = Release|x64
		{C36489F5-6412-490C-B9F2-C41ECD4B8BC9}.Release|x64.Build.0 = Release|x64
		{C36489F5-6412-490C-B9F2-C41ECD4B8BC9}.Release|x86.ActiveCfg = Release|Win32
		{C36489F5-6412-490C-B9F2-C41ECD4B8BC9}.Release|x86.Build.0 = Release|Win32
		{8CD8BF66-083B-44A0-B0A1-A047AC0B8632}.Debug|x64.ActiveCfg = Debug|x64
		{8CD8BF66-083B-44A0-B0A1-A047AC0B8632}.Debug|x64.Build.0 = Debug|x64
		{8CD8BF66-083B-44A0-B0A1-A047AC0B8632}.Debug|x86.ActiveCfg = Debug|Win32
		{8CD8BF66-083B-44A0-B0A1-A047AC0B8632}.Debug|x86.Build.0 = Debug|Win32
		{8CD8BF66-083B-44A0-B0A1-A047AC0B8632}.Release|x64.ActiveCfg = Release|x64
		{8CD8BF66-083B-44A0-B0A1-A047AC0B8632}.Release|x64.Build.0 = Release|x64
		{8CD8BF66-083B-44A0-B0A1-A047AC0B8632}.Release|x86.ActiveCfg = Release|Win32
		{8CD8BF66-083B-44A0-B0A1-A047AC0B8632}.Release|x86.Build.0 = Release|Win32
		{913D4C5E-63A0-458F-BE0A-48B6BB7F7357}.Debug|x64.ActiveCfg = Debug|x64
		{913D4C5E-63A0-458F-BE0A-48B6BB7F7357}.Debug|x64.Build.0 = Debug|x64
		{913D4C5E-63A0-458F-BE0A-48B6BB7F7357}.Debug|x86.ActiveCfg = Debug|Win32
		{913D4C5E-63A0-458F-BE0A-48B6BB7F7357}.Debug|x86.Build.0 = Debug|Win32
		{913D4C5E-63A0-458F-BE0A-48B6BB7F7357}.Release|x64.ActiveCfg = Release|x64
		{913D4C5E-63A0-458F-BE0A-48B6BB7F7357}.Release|x64.Build.0 = Release|x64
		{913D4C5E-63A0-458F-BE0A-48B6BB7F7357}.Release|x86.ActiveCfg = Release|Win32
		{913D4C5E-63A0-458F-BE0A-48B6BB7F7357}.Release|x86.Build.0 = Release|Win32
		{D778C9D6-1E0F-4C47-AAC6-2BDDF856AD85}.Debug|x64.ActiveCfg = Debug|x64
		{D778C9D6-1E0F-4C47-AAC6-2BDDF856AD85}.Debug|x64.Build.0 = Debug|x64
		{D778C9D6-1E0F-4C47-AAC6-2BDDF856AD85}.Debug|x86.ActiveCfg = Debug|Win32
		{D778C9D6-1E0F-4C47-AAC6-2BDDF856AD85}.Debug|x86.Build.0 = Debug|Win32
		{D778C9D6-1E0F-4C47-AAC6-2BDDF856AD85}.Release|x64.ActiveCfg = Release|x64
		{D778C9D6-1E0F-4C47-AAC6-2BDDF856AD85}.Release|x64.Build.0 = Release|x64
		{D778C9D6-1E0F-4C47-AAC6-2BDDF856AD85}.Release|x86.ActiveCfg = Release|Win32
		{D778C9D6-1E0F-4C47-AAC6-2BDDF856AD85}.Release|x86.Build.0 = Release|Win32
		{A22FCA11-67E8-4E2D-9447-E391528CC5D7}.Debug|x64.ActiveCfg = Debug|x64
		{A22FCA11-67E8-4E2D-9447-E391528CC5D7}.Debug|x64.Build.0 = Debug|x64
		{A22FCA11-67E8-4E2D-9447-E391528CC5D7}.Debug|x86.ActiveCfg = Debug|Win32
		{A22FCA11-67E8-4E2D-9447-E391528CC5D7}.Debug|x86.Build.0 = Debug|Win32
		{A22FCA11-67E8-4E2D-9447-E391528CC5D7}.Release|x64.ActiveCfg = Release|x64
		{A22FCA11-67E8-4E2D-9447-E391528CC5D7}.Release|x64.Build.0 = Release|x64
		{A22FCA11-67E8-4E2D-9447-E391528CC5D7}.Release|x86.ActiveCfg = Release|Win32
		{A22FCA11-67E8-4E2D-9447-E391528CC5D7}.Release|x86.Build.0 = Release|Win32
		{3DB9C1A7-630E-440D-8463-BD5F1FFCCE1D}.Debug|x64.ActiveCfg = Debug|x64
		{3DB9C1A7-630E-440D-8463-BD5F1FFCCE1D}.Debug|x64.Build.0 = Debug|x64
		{3DB9C1A7-630E-440D-8463-BD5F1FFCCE1D}.Debug|x86.ActiveCfg = Debug|Win32
		{3DB9C1A7-630E-440D-8463-BD5F1FFCCE1D}.Debug|x86.Build.0 = Debug|Win32
		{3DB9C1A7-630E-440D-8463-BD5F1FFCCE1D}.Release|x64.ActiveCfg = Release|x64
		{3DB9C1A7-630E-440D-8463-BD5F1FFCCE1D}.Release|x64.Build.0 = Release|x64
		{3DB9C1A7-630E-440D-8463-BD5F1FFCCE1D}.Release|x86.ActiveCfg = Release|Win32
		{3DB9C1A7-630E-440D-8463-BD5F1FFCCE1D}.Release|x86.Build.0 = Release|Win32
		{2F0F250C-1329-42CF-A140-C7B2BF3488F0}.Debug|x64.ActiveCfg = Debug|x64
		{2F0F250C-1329-42CF-A140-C7B2BF3488F0}.Debug|x64.Build.0 = Debug|x64
		{2F0F250C-1329-42CF-A140-C7B2BF3488F0}.Debug|x86.ActiveCfg = Debug|Win32
		{2F0F250C-1329-42CF-A140-C7B2BF3488F0}.Debug|x86.Build.0 = Debug|Win32
		{2F0F250C-1329-42CF-A140-C7B2BF3488F0}.Release|x64.ActiveCfg = Release|x64
		{2F0F250C-1329-42CF-A140-C7B2BF3488F0}.Release|x64.Build.0 = Release|x64
		{2F0F250C-1329-42CF-A140-C7B2BF3488F0}.Release|x86.ActiveCfg = Release|Win32
		{2F0F250C-1329-42CF-A140-C7B2BF3488F0}.Release|x86.Build.0 = Release|Win32
		{15DBCD5A-83E6-4E3F-A20E-6CF723D80665}.Debug|x64.ActiveCfg = Debug|x64
		{15DBCD5A-83E6-4E3F-A20E-6CF723D80665}.Debug|x64.Build.0 = Debug|x64
		{15DBCD5A-83E6-4E3F-A20E-6CF723D80665}.Debug|x86.ActiveCfg = Debug|Win32
		{15DBCD5A-83E6-4E3F-A20E-6CF723D80665}.Debug|x86.Build.0 = Debug|Win32
		{15DBCD5A-83E6-4E3F-A20E-6CF723D80665}.Release|x64.ActiveCfg = Release|x64
		{15DBCD5A-83E6-4E3F-A20E-6CF723D80665}.Release|x64.Build.0 = Release|x64
		{15DBCD5A-83E6-4E3F-A20E-6CF723D80665}.Release|x86.ActiveCfg = Release|Win32
		{15DBCD5A-83E6-4E3F-A20E-6CF723D80665}.Release|x86.Build.0 = Release|Win32
		{9CFF244C-15F5-4F33-B4B7-712EE3C0B2CD}.Debug|x64.ActiveCfg = Debug|x64
		{9CFF244C-15F5-4F33-B4B7-712EE3C0B2CD}.Debug|x64.Build.0 = Debug|x64
		{9CFF244C-15F5-4F33-B4B7-712EE3C0B2CD}.Debug|x86.ActiveCfg = Debug|Win32
		{9CFF244C-15F5-4F33-B4B7-712EE3C0B2CD}.Debug|x86.Build.0 = Debug|Win32
		{9CFF244C-15F5-4F33-B4B7-712EE3C0B2CD}.Release|x64.ActiveCfg = Release|x64
		{9CFF244C-15F5-4F33-B4B7-712EE3C0B2CD}.Release|x64.Build.0 = Release|x64
		{9CFF244C-15F5-4F33-B4B7-712EE3C0B2CD}.Release|x86.ActiveCfg = Release|Win32
		{9CFF244C-15F5-4F33-B4B7-712EE3C0B2CD}.Release|x86.Build.0 = Release|Win32
		{C08C0DBC-8485-4AD8-87FF-956F0D81D19C}.Debug|x64.ActiveCfg = Debug|x64
		{C08C0DBC-8485-4AD8-87FF-956F0D81D19C}.Debug|x64.Build.0 = Debug|x64
		{C08C0DBC-8485-4AD8-87FF-956F0D81D19C}.Debug|x86.ActiveCfg = Debug|Win32
		{C08C0DBC-8485-4AD8-87FF-956F0D81D19C}.Debug|x86.Build.0 = Debug|Win32
		{C08C0DBC-8485-4AD8-87FF-956F0D81D19C}.Release|x64.ActiveCfg = Release|x64
		{C08C0DBC-8485-4AD8-87FF-956F0D81D19C}.Release|x64.Build.0 = Release|x64
		{C08C0DBC-8485-4AD8-87FF-956F0D81D19C}.Release|x86.ActiveCfg = Release|Win32
		{C08C0DBC-8485-4AD8-87FF-956F0D81D19C}.Release|x86.Build.0 = Release|Win32
		{6334E177-2013-4F00-9320-E392CC18C23F}.Debug|x64.ActiveCfg = Debug|x64
		{6334E177-2013-4F00-9320-E392CC18C23F}.Debug|x64.Build.0 = Debug|x64
		{6334E177-2013-4F00-9320-E392CC18C23F}.Debug|x86.ActiveCfg = Debug|Win32
		{6334E177-2013-4F00-9320-E392CC18C23F}.Debug|x86.Build.0 = Debug|Win32
		{6334E177-2013-4F00-9320-E392CC18C23F}.Release|x64.ActiveCfg = Release|x64
		{6334E177-2013-4F00-9320-E392CC18C23F}.Release|x64.Build.0 = Release|x64
		{6334E177-2013-4F00-9320-E392CC18C23F}.Release|x86.ActiveCfg = Release|Win32
		{6334E177-2013-4F00-9320-E392CC18C23F}.Release|x86.Build.0 = Release|Win32
		{9D109C6A-C66B-420F-984F-9532060AD641}.Debug|x64.ActiveCfg = Debug|x64
		{9D109C6A-C66B-420F-984F-9532060AD641}.Debug|x64.Build.0 = Debug|x64
		{9D109C6A-C66B-420F-984F-9532060AD641}.Debug|x86.ActiveCfg = Debug|Win32
		{9D109C6A-C66B-420F-984F-9532060AD641}.Debug|x86.Build.0 = Debug|Win32
		{9D109C6A-C66B-420F-984F-9532060AD641}.Release|x64.ActiveCfg = Release|x64
		{9D109C6A-C66B-420F-984F-9532060AD641}.Release|x64.Build.0 = Release|x64
		{9D109C6A-C66B-420F-984F-9532060AD641}.Release|x86.ActiveCfg = Release|Win32
		{9D109C6A-C66B-420F-984F-9532060AD641}.Release|x86.Build.0 = Release|Win32
		{3B2293C3-4510-4BBE-969C-70C2EA622DF2}.Debug|x64.ActiveCfg = Debug|x64
		{3B2293C3-4510-4BBE-969C-70C2EA622DF2}.Debug|x64.Build.0 = Debug|x64
		{3B2293C3-4510-4BBE-969C-70C2EA622DF2}.Debug|x86.ActiveCfg = Debug|Win32
		{3B2293C3-4510-4BBE-969C-70C2EA622DF2}.Debug|x86.Build.0 = Debug|Win32
		{3B2293C3-4510-4BBE-969C-70C2EA622DF2}.Release|x64.ActiveCfg = Release|x64
		{3B2293C3-4510-4BBE-969C-70C2EA622DF2}.Release|x64.Build.0 = Release|x64
		{3B2293C3-4510-4BBE-969C-70C2EA622DF2}.Release|x86.ActiveCfg = Release|Win32
		{3B2293C3-4510-4BBE-969C-70C2EA622DF2}.Release|x86.Build.0 = Release|Win32
		{0FB2B2D3-ABC4-4D53-B8EE-D5705AAF4B7D}.Debug|x64.ActiveCfg = Debug|x64
		{0FB2B2D3-ABC4-4D53-B8EE-D5705AAF4B7D}.Debug|x64.Build.0 = Debug|x64
		{0FB2B2D3-ABC4-4D53-B8EE-D5705AAF4B7D}.Debug|x86.ActiveCfg = Debug|Win32
		{0FB2B2D3-ABC4-4D53-B8EE-D5705AAF4B7D}.Debug|x86.Build.0 = Debug|Win32
		{0FB2B2D3-ABC4-4D53-B8EE-D5705AAF4B7D}.Release|x64.ActiveCfg = Release|x64
		{0FB2B2D3-ABC4-4D53-B8EE-D5705AAF4B7D}.Release|x64.Build.0 = Release|x64
		{0FB2B2D3-ABC4-4D53-B8EE-D5705AAF4B7D}.Release|x86.ActiveCfg = Release|Win32
		{0FB2B2D3-ABC4-4D53-B8EE-D5705AAF4B7D}.Release|x86.Build.0 = Release|Win32
		{B7341459-0480-4531-A07F-24F17BC88B85}.Debug|x64.ActiveCfg = Debug|x64
		{B7341459-0480-4531-A07F-24F17BC88B85}.Debug|x64.Build.0 = Debug|x64
		{B7341459-0480-4531-A07F-24F17BC88B85}.Debug|x86.ActiveCfg = Debug|Win32
		{B7341459-0480-4531-A07F-24F17BC88B85}.Debug|x86.Build.0 = Debug|Win32
		{B7341459-0480-4531-A07F-24F17BC88B85}.Release|x64.ActiveCfg = Release|x64
		{B7341459-0480-4531-A07F-24F17BC88B85}.Release|x64.Build.0 = Release|x64
		{B7341459-0480-4531-A07F-24F17BC88B85}.Release|x86.ActiveCfg = Release|Win32
		{B7341459-0480-4531-A07F-24F17BC88B85}.Release|x86.Build.0 = Release|Win32
	EndGlobalSection
	GlobalSection(SolutionProperties) = preSolution
		HideSolutionNode = FALSE
	EndGlobalSection
	GlobalSection(NestedProjects) = preSolution
		{1BE7D211-9424-4D5C-866F-3ABB2ED98624} = {79E1A047-9671-4E9E-8799-25CA256C5315}
		{8EBA0440-3F99-4FDA-A398-D913EDC7C7AE} = {79E1A047-9671-4E9E-8799-25CA256C5315}
		{A88A4FB4-1471-487D-86F2-DD811752F5FA} = {79E1A047-9671-4E9E-8799-25CA256C5315}
		{C36489F5-6412-490C-B9F2-C41ECD4B8BC9} = {A6A7C5AA-396B-42A9-B3FD-CFB6EF9982D4}
		{8CD8BF66-083B-44A0-B0A1-A047AC0B8632} = {A6A7C5AA-396B-42A9-B3FD-CFB6EF9982D4}
		{913D4C5E-63A0-458F-BE0A-48B6BB7F7357} = {A6A7C5AA-396B-42A9-B3FD-CFB6EF9982D4}
		{D778C9D6-1E0F-4C47-AAC6-2BDDF856AD85} = {83777E7D-11F9-449B-BD40-FC19B9151DBF}
		{A22FCA11-67E8-4E2D-9447-E391528CC5D7} = {83777E7D-11F9-449B-BD40-FC19B9151DBF}
		{3DB9C1A7-630E-440D-8463-BD5F1FFCCE1D} = {52AFE042-0D32-4BD7-A936-7D04687EBF87}
		{2F0F250C-1329-42CF-A140-C7B2BF3488F0} = {52AFE042-0D32-4BD7-A936-7D04687EBF87}
		{15DBCD5A-83E6-4E3F-A20E-6CF723D80665} = {52AFE042-0D32-4BD7-A936-7D04687EBF87}
		{9CFF244C-15F5-4F33-B4B7-712EE3C0B2CD} = {365EA690-F4FF-471B-90A9-60DD4FF0A851}
		{C08C0DBC-8485-4AD8-87FF-956F0D81D19C} = {99771073-CEF9-4C2A-8BDF-F53F7037C75F}
		{6334E177-2013-4F00-9320-E392CC18C23F} = {99771073-CEF9-4C2A-8BDF-F53F7037C75F}
		{9D109C6A-C66B-420F-984F-9532060AD641} = {BF932A88-7A58-44F5-9A6C-728487160A3B}
		{3B2293C3-4510-4BBE-969C-70C2EA622DF2} = {15455758-C1A8-4615-A2D1-2098C6250994}
		{B7341459-0480-4531-A07F-24F17BC88B85} = {BC2836AC-B70F-4D8C-93FE-91344F7816BC}
	EndGlobalSection
	GlobalSection(ExtensibilityGlobals) = postSolution
		SolutionGuid = {BD391FDE-3924-4CB5-A0DD-41FA28539542}
	EndGlobalSection
EndGlobal
